{
  "originHash" : "1e5f958b7ae990dd036b8ce6b53ce72599095a744dcbdfc8404d09796a9948d6",
  "pins" : [
    {
      "identity" : "flatbuffers",
      "kind" : "remoteSourceControl",
      "location" : "https://github.com/google/flatbuffers.git",
      "state" : {
        "revision" : "187240970746d00bbd26b0f5873ed54d2477f9f3",
        "version" : "25.9.23"
      }
    },
    {
      "identity" : "ios-sdk",
      "kind" : "remoteSourceControl",
      "location" : "https://github.com/spotify/ios-sdk.git",
      "state" : {
        "branch" : "master",
        "revision" : "0b3e54771738ad5e64f22c8e5e19ca76d6becc6c"
      }
    },
    {
      "identity" : "sdk",
      "kind" : "remoteSourceControl",
      "location" : "https://github.com/open-meteo/sdk.git",
      "state" : {
        "branch" : "main",
        "revision" : "4cbac31d40fa4e51e5bcd4ace156be21768e86d5"
      }
    }
  ],
  "version" : 3
}
