// !$*UTF8*$!
{
	archiveVersion = 1;
	classes = {
	};
	objectVersion = 77;
	objects = {

/* Begin PBXBuildFile section */
		4E7010932DBD70F400F868F4 /* OpenMeteoSdk in Frameworks */ = {isa = PBXBuildFile; productRef = 4E7010922DBD70F400F868F4 /* OpenMeteoSdk */; };
/* End PBXBuildFile section */

/* Begin PBXContainerItemProxy section */
		4E70105C2DBD6F4900F868F4 /* PBXContainerItemProxy */ = {
			isa = PBXContainerItemProxy;
			containerPortal = 4E7010462DBD6F4700F868F4 /* Project object */;
			proxyType = 1;
			remoteGlobalIDString = 4E70104D2DBD6F4800F868F4;
			remoteInfo = DisplayPlus;
		};
		4E7010662DBD6F4900F868F4 /* PBXContainerItemProxy */ = {
			isa = PBXContainerItemProxy;
			containerPortal = 4E7010462DBD6F4700F868F4 /* Project object */;
			proxyType = 1;
			remoteGlobalIDString = 4E70104D2DBD6F4800F868F4;
			remoteInfo = DisplayPlus;
		};
/* End PBXContainerItemProxy section */

/* Begin PBXFileReference section */
		4E70104E2DBD6F4800F868F4 /* DisplayPlus.app */ = {isa = PBXFileReference; explicitFileType = wrapper.application; includeInIndex = 0; path = DisplayPlus.app; sourceTree = BUILT_PRODUCTS_DIR; };
		4E70105B2DBD6F4900F868F4 /* DisplayPlusTests.xctest */ = {isa = PBXFileReference; explicitFileType = wrapper.cfbundle; includeInIndex = 0; path = DisplayPlusTests.xctest; sourceTree = BUILT_PRODUCTS_DIR; };
		4E7010652DBD6F4900F868F4 /* DisplayPlusUITests.xctest */ = {isa = PBXFileReference; explicitFileType = wrapper.cfbundle; includeInIndex = 0; path = DisplayPlusUITests.xctest; sourceTree = BUILT_PRODUCTS_DIR; };
/* End PBXFileReference section */

/* Begin PBXFileSystemSynchronizedBuildFileExceptionSet section */
		4E7010B22DBD714000F868F4 /* Exceptions for "DisplayPlus" folder in "DisplayPlus" target */ = {
			isa = PBXFileSystemSynchronizedBuildFileExceptionSet;
			membershipExceptions = (
				Info.plist,
			);
			target = 4E70104D2DBD6F4800F868F4 /* DisplayPlus */;
		};
/* End PBXFileSystemSynchronizedBuildFileExceptionSet section */

/* Begin PBXFileSystemSynchronizedRootGroup section */
		4E7010502DBD6F4800F868F4 /* DisplayPlus */ = {
			isa = PBXFileSystemSynchronizedRootGroup;
			exceptions = (
				4E7010B22DBD714000F868F4 /* Exceptions for "DisplayPlus" folder in "DisplayPlus" target */,
			);
			path = DisplayPlus;
			sourceTree = "<group>";
		};
		4E70105E2DBD6F4900F868F4 /* DisplayPlusTests */ = {
			isa = PBXFileSystemSynchronizedRootGroup;
			path = DisplayPlusTests;
			sourceTree = "<group>";
		};
		4E7010682DBD6F4900F868F4 /* DisplayPlusUITests */ = {
			isa = PBXFileSystemSynchronizedRootGroup;
			path = DisplayPlusUITests;
			sourceTree = "<group>";
		};
/* End PBXFileSystemSynchronizedRootGroup section */

/* Begin PBXFrameworksBuildPhase section */
		4E70104B2DBD6F4800F868F4 /* Frameworks */ = {
			isa = PBXFrameworksBuildPhase;
			buildActionMask = 2147483647;
			files = (
				4E7010932DBD70F400F868F4 /* OpenMeteoSdk in Frameworks */,
			);
			runOnlyForDeploymentPostprocessing = 0;
		};
		4E7010582DBD6F4900F868F4 /* Frameworks */ = {
			isa = PBXFrameworksBuildPhase;
			buildActionMask = 2147483647;
			files = (
			);
			runOnlyForDeploymentPostprocessing = 0;
		};
		4E7010622DBD6F4900F868F4 /* Frameworks */ = {
			isa = PBXFrameworksBuildPhase;
			buildActionMask = 2147483647;
			files = (
			);
			runOnlyForDeploymentPostprocessing = 0;
		};
/* End PBXFrameworksBuildPhase section */

/* Begin PBXGroup section */
		4E7010452DBD6F4700F868F4 = {
			isa = PBXGroup;
			children = (
				4E7010502DBD6F4800F868F4 /* DisplayPlus */,
				4E70105E2DBD6F4900F868F4 /* DisplayPlusTests */,
				4E7010682DBD6F4900F868F4 /* DisplayPlusUITests */,
				4E7010912DBD70F400F868F4 /* Frameworks */,
				4E70104F2DBD6F4800F868F4 /* Products */,
			);
			sourceTree = "<group>";
		};
		4E70104F2DBD6F4800F868F4 /* Products */ = {
			isa = PBXGroup;
			children = (
				4E70104E2DBD6F4800F868F4 /* DisplayPlus.app */,
				4E70105B2DBD6F4900F868F4 /* DisplayPlusTests.xctest */,
				4E7010652DBD6F4900F868F4 /* DisplayPlusUITests.xctest */,
			);
			name = Products;
			sourceTree = "<group>";
		};
		4E7010912DBD70F400F868F4 /* Frameworks */ = {
			isa = PBXGroup;
			children = (
			);
			name = Frameworks;
			sourceTree = "<group>";
		};
/* End PBXGroup section */

/* Begin PBXNativeTarget section */
		4E70104D2DBD6F4800F868F4 /* DisplayPlus */ = {
			isa = PBXNativeTarget;
			buildConfigurationList = 4E70106F2DBD6F4900F868F4 /* Build configuration list for PBXNativeTarget "DisplayPlus" */;
			buildPhases = (
				4E70104A2DBD6F4800F868F4 /* Sources */,
				4E70104B2DBD6F4800F868F4 /* Frameworks */,
				4E70104C2DBD6F4800F868F4 /* Resources */,
			);
			buildRules = (
			);
			dependencies = (
			);
			fileSystemSynchronizedGroups = (
				4E7010502DBD6F4800F868F4 /* DisplayPlus */,
			);
			name = DisplayPlus;
			packageProductDependencies = (
				4E7010922DBD70F400F868F4 /* OpenMeteoSdk */,
			);
			productName = DisplayPlus;
			productReference = 4E70104E2DBD6F4800F868F4 /* DisplayPlus.app */;
			productType = "com.apple.product-type.application";
		};
		4E70105A2DBD6F4900F868F4 /* DisplayPlusTests */ = {
			isa = PBXNativeTarget;
			buildConfigurationList = 4E7010722DBD6F4900F868F4 /* Build configuration list for PBXNativeTarget "DisplayPlusTests" */;
			buildPhases = (
				4E7010572DBD6F4900F868F4 /* Sources */,
				4E7010582DBD6F4900F868F4 /* Frameworks */,
				4E7010592DBD6F4900F868F4 /* Resources */,
			);
			buildRules = (
			);
			dependencies = (
				4E70105D2DBD6F4900F868F4 /* PBXTargetDependency */,
			);
			fileSystemSynchronizedGroups = (
				4E70105E2DBD6F4900F868F4 /* DisplayPlusTests */,
			);
			name = DisplayPlusTests;
			packageProductDependencies = (
			);
			productName = DisplayPlusTests;
			productReference = 4E70105B2DBD6F4900F868F4 /* DisplayPlusTests.xctest */;
			productType = "com.apple.product-type.bundle.unit-test";
		};
		4E7010642DBD6F4900F868F4 /* DisplayPlusUITests */ = {
			isa = PBXNativeTarget;
			buildConfigurationList = 4E7010752DBD6F4900F868F4 /* Build configuration list for PBXNativeTarget "DisplayPlusUITests" */;
			buildPhases = (
				4E7010612DBD6F4900F868F4 /* Sources */,
				4E7010622DBD6F4900F868F4 /* Frameworks */,
				4E7010632DBD6F4900F868F4 /* Resources */,
			);
			buildRules = (
			);
			dependencies = (
				4E7010672DBD6F4900F868F4 /* PBXTargetDependency */,
			);
			fileSystemSynchronizedGroups = (
				4E7010682DBD6F4900F868F4 /* DisplayPlusUITests */,
			);
			name = DisplayPlusUITests;
			packageProductDependencies = (
			);
			productName = DisplayPlusUITests;
			productReference = 4E7010652DBD6F4900F868F4 /* DisplayPlusUITests.xctest */;
			productType = "com.apple.product-type.bundle.ui-testing";
		};
/* End PBXNativeTarget section */

/* Begin PBXProject section */
		4E7010462DBD6F4700F868F4 /* Project object */ = {
			isa = PBXProject;
			attributes = {
				BuildIndependentTargetsInParallel = 1;
				LastSwiftUpdateCheck = 1630;
				LastUpgradeCheck = 1630;
				TargetAttributes = {
					4E70104D2DBD6F4800F868F4 = {
						CreatedOnToolsVersion = 16.3;
					};
					4E70105A2DBD6F4900F868F4 = {
						CreatedOnToolsVersion = 16.3;
						TestTargetID = 4E70104D2DBD6F4800F868F4;
					};
					4E7010642DBD6F4900F868F4 = {
						CreatedOnToolsVersion = 16.3;
						TestTargetID = 4E70104D2DBD6F4800F868F4;
					};
				};
			};
			buildConfigurationList = 4E7010492DBD6F4700F868F4 /* Build configuration list for PBXProject "DisplayPlus" */;
			developmentRegion = en;
			hasScannedForEncodings = 0;
			knownRegions = (
				en,
				Base,
			);
			mainGroup = 4E7010452DBD6F4700F868F4;
			minimizedProjectReferenceProxies = 1;
			packageReferences = (
				4E7010902DBD700C00F868F4 /* XCRemoteSwiftPackageReference "sdk" */,
			);
			preferredProjectObjectVersion = 77;
			productRefGroup = 4E70104F2DBD6F4800F868F4 /* Products */;
			projectDirPath = "";
			projectRoot = "";
			targets = (
				4E70104D2DBD6F4800F868F4 /* DisplayPlus */,
				4E70105A2DBD6F4900F868F4 /* DisplayPlusTests */,
				4E7010642DBD6F4900F868F4 /* DisplayPlusUITests */,
			);
		};
/* End PBXProject section */

/* Begin PBXResourcesBuildPhase section */
		4E70104C2DBD6F4800F868F4 /* Resources */ = {
			isa = PBXResourcesBuildPhase;
			buildActionMask = 2147483647;
			files = (
			);
			runOnlyForDeploymentPostprocessing = 0;
		};
		4E7010592DBD6F4900F868F4 /* Resources */ = {
			isa = PBXResourcesBuildPhase;
			buildActionMask = 2147483647;
			files = (
			);
			runOnlyForDeploymentPostprocessing = 0;
		};
		4E7010632DBD6F4900F868F4 /* Resources */ = {
			isa = PBXResourcesBuildPhase;
			buildActionMask = 2147483647;
			files = (
			);
			runOnlyForDeploymentPostprocessing = 0;
		};
/* End PBXResourcesBuildPhase section */

/* Begin PBXSourcesBuildPhase section */
		4E70104A2DBD6F4800F868F4 /* Sources */ = {
			isa = PBXSourcesBuildPhase;
			buildActionMask = 2147483647;
			files = (
			);
			runOnlyForDeploymentPostprocessing = 0;
		};
		4E7010572DBD6F4900F868F4 /* Sources */ = {
			isa = PBXSourcesBuildPhase;
			buildActionMask = 2147483647;
			files = (
			);
			runOnlyForDeploymentPostprocessing = 0;
		};
		4E7010612DBD6F4900F868F4 /* Sources */ = {
			isa = PBXSourcesBuildPhase;
			buildActionMask = 2147483647;
			files = (
			);
			runOnlyForDeploymentPostprocessing = 0;
		};
/* End PBXSourcesBuildPhase section */

/* Begin PBXTargetDependency section */
		4E70105D2DBD6F4900F868F4 /* PBXTargetDependency */ = {
			isa = PBXTargetDependency;
			target = 4E70104D2DBD6F4800F868F4 /* DisplayPlus */;
			targetProxy = 4E70105C2DBD6F4900F868F4 /* PBXContainerItemProxy */;
		};
		4E7010672DBD6F4900F868F4 /* PBXTargetDependency */ = {
			isa = PBXTargetDependency;
			target = 4E70104D2DBD6F4800F868F4 /* DisplayPlus */;
			targetProxy = 4E7010662DBD6F4900F868F4 /* PBXContainerItemProxy */;
		};
/* End PBXTargetDependency section */

/* Begin XCBuildConfiguration section */
		4E70106D2DBD6F4900F868F4 /* Debug */ = {
			isa = XCBuildConfiguration;
			buildSettings = {
				ALWAYS_SEARCH_USER_PATHS = NO;
				ASSETCATALOG_COMPILER_GENERATE_SWIFT_ASSET_SYMBOL_EXTENSIONS = YES;
				CLANG_ANALYZER_NONNULL = YES;
				CLANG_ANALYZER_NUMBER_OBJECT_CONVERSION = YES_AGGRESSIVE;
				CLANG_CXX_LANGUAGE_STANDARD = "gnu++20";
				CLANG_ENABLE_MODULES = YES;
				CLANG_ENABLE_OBJC_ARC = YES;
				CLANG_ENABLE_OBJC_WEAK = YES;
				CLANG_WARN_BLOCK_CAPTURE_AUTORELEASING = YES;
				CLANG_WARN_BOOL_CONVERSION = YES;
				CLANG_WARN_COMMA = YES;
				CLANG_WARN_CONSTANT_CONVERSION = YES;
				CLANG_WARN_DEPRECATED_OBJC_IMPLEMENTATIONS = YES;
				CLANG_WARN_DIRECT_OBJC_ISA_USAGE = YES_ERROR;
				CLANG_WARN_DOCUMENTATION_COMMENTS = YES;
				CLANG_WARN_EMPTY_BODY = YES;
				CLANG_WARN_ENUM_CONVERSION = YES;
				CLANG_WARN_INFINITE_RECURSION = YES;
				CLANG_WARN_INT_CONVERSION = YES;
				CLANG_WARN_NON_LITERAL_NULL_CONVERSION = YES;
				CLANG_WARN_OBJC_IMPLICIT_RETAIN_SELF = YES;
				CLANG_WARN_OBJC_LITERAL_CONVERSION = YES;
				CLANG_WARN_OBJC_ROOT_CLASS = YES_ERROR;
				CLANG_WARN_QUOTED_INCLUDE_IN_FRAMEWORK_HEADER = YES;
				CLANG_WARN_RANGE_LOOP_ANALYSIS = YES;
				CLANG_WARN_STRICT_PROTOTYPES = YES;
				CLANG_WARN_SUSPICIOUS_MOVE = YES;
				CLANG_WARN_UNGUARDED_AVAILABILITY = YES_AGGRESSIVE;
				CLANG_WARN_UNREACHABLE_CODE = YES;
				CLANG_WARN__DUPLICATE_METHOD_MATCH = YES;
				COPY_PHASE_STRIP = NO;
				DEBUG_INFORMATION_FORMAT = dwarf;
				DEVELOPMENT_TEAM = 339H2WC2Z9;
				ENABLE_STRICT_OBJC_MSGSEND = YES;
				ENABLE_TESTABILITY = YES;
				ENABLE_USER_SCRIPT_SANDBOXING = YES;
				GCC_C_LANGUAGE_STANDARD = gnu17;
				GCC_DYNAMIC_NO_PIC = NO;
				GCC_NO_COMMON_BLOCKS = YES;
				GCC_OPTIMIZATION_LEVEL = 0;
				GCC_PREPROCESSOR_DEFINITIONS = (
					"DEBUG=1",
					"$(inherited)",
				);
				GCC_WARN_64_TO_32_BIT_CONVERSION = YES;
				GCC_WARN_ABOUT_RETURN_TYPE = YES_ERROR;
				GCC_WARN_UNDECLARED_SELECTOR = YES;
				GCC_WARN_UNINITIALIZED_AUTOS = YES_AGGRESSIVE;
				GCC_WARN_UNUSED_FUNCTION = YES;
				GCC_WARN_UNUSED_VARIABLE = YES;
				IPHONEOS_DEPLOYMENT_TARGET = 18.4;
				LOCALIZATION_PREFERS_STRING_CATALOGS = YES;
				MTL_ENABLE_DEBUG_INFO = INCLUDE_SOURCE;
				MTL_FAST_MATH = YES;
				ONLY_ACTIVE_ARCH = YES;
				SDKROOT = iphoneos;
				SWIFT_ACTIVE_COMPILATION_CONDITIONS = "DEBUG $(inherited)";
				SWIFT_OPTIMIZATION_LEVEL = "-Onone";
			};
			name = Debug;
		};
		4E70106E2DBD6F4900F868F4 /* Release */ = {
			isa = XCBuildConfiguration;
			buildSettings = {
				ALWAYS_SEARCH_USER_PATHS = NO;
				ASSETCATALOG_COMPILER_GENERATE_SWIFT_ASSET_SYMBOL_EXTENSIONS = YES;
				CLANG_ANALYZER_NONNULL = YES;
				CLANG_ANALYZER_NUMBER_OBJECT_CONVERSION = YES_AGGRESSIVE;
				CLANG_CXX_LANGUAGE_STANDARD = "gnu++20";
				CLANG_ENABLE_MODULES = YES;
				CLANG_ENABLE_OBJC_ARC = YES;
				CLANG_ENABLE_OBJC_WEAK = YES;
				CLANG_WARN_BLOCK_CAPTURE_AUTORELEASING = YES;
				CLANG_WARN_BOOL_CONVERSION = YES;
				CLANG_WARN_COMMA = YES;
				CLANG_WARN_CONSTANT_CONVERSION = YES;
				CLANG_WARN_DEPRECATED_OBJC_IMPLEMENTATIONS = YES;
				CLANG_WARN_DIRECT_OBJC_ISA_USAGE = YES_ERROR;
				CLANG_WARN_DOCUMENTATION_COMMENTS = YES;
				CLANG_WARN_EMPTY_BODY = YES;
				CLANG_WARN_ENUM_CONVERSION = YES;
				CLANG_WARN_INFINITE_RECURSION = YES;
				CLANG_WARN_INT_CONVERSION = YES;
				CLANG_WARN_NON_LITERAL_NULL_CONVERSION = YES;
				CLANG_WARN_OBJC_IMPLICIT_RETAIN_SELF = YES;
				CLANG_WARN_OBJC_LITERAL_CONVERSION = YES;
				CLANG_WARN_OBJC_ROOT_CLASS = YES_ERROR;
				CLANG_WARN_QUOTED_INCLUDE_IN_FRAMEWORK_HEADER = YES;
				CLANG_WARN_RANGE_LOOP_ANALYSIS = YES;
				CLANG_WARN_STRICT_PROTOTYPES = YES;
				CLANG_WARN_SUSPICIOUS_MOVE = YES;
				CLANG_WARN_UNGUARDED_AVAILABILITY = YES_AGGRESSIVE;
				CLANG_WARN_UNREACHABLE_CODE = YES;
				CLANG_WARN__DUPLICATE_METHOD_MATCH = YES;
				COPY_PHASE_STRIP = NO;
				DEBUG_INFORMATION_FORMAT = "dwarf-with-dsym";
				DEVELOPMENT_TEAM = 339H2WC2Z9;
				ENABLE_NS_ASSERTIONS = NO;
				ENABLE_STRICT_OBJC_MSGSEND = YES;
				ENABLE_USER_SCRIPT_SANDBOXING = YES;
				GCC_C_LANGUAGE_STANDARD = gnu17;
				GCC_NO_COMMON_BLOCKS = YES;
				GCC_WARN_64_TO_32_BIT_CONVERSION = YES;
				GCC_WARN_ABOUT_RETURN_TYPE = YES_ERROR;
				GCC_WARN_UNDECLARED_SELECTOR = YES;
				GCC_WARN_UNINITIALIZED_AUTOS = YES_AGGRESSIVE;
				GCC_WARN_UNUSED_FUNCTION = YES;
				GCC_WARN_UNUSED_VARIABLE = YES;
				IPHONEOS_DEPLOYMENT_TARGET = 18.4;
				LOCALIZATION_PREFERS_STRING_CATALOGS = YES;
				MTL_ENABLE_DEBUG_INFO = NO;
				MTL_FAST_MATH = YES;
				SDKROOT = iphoneos;
				SWIFT_COMPILATION_MODE = wholemodule;
				VALIDATE_PRODUCT = YES;
			};
			name = Release;
		};
		4E7010702DBD6F4900F868F4 /* Debug */ = {
			isa = XCBuildConfiguration;
			buildSettings = {
				ASSETCATALOG_COMPILER_APPICON_NAME = AppIcon;
				ASSETCATALOG_COMPILER_GLOBAL_ACCENT_COLOR_NAME = AccentColor;
				CODE_SIGN_IDENTITY = "Apple Development";
				CODE_SIGN_STYLE = Automatic;
				CURRENT_PROJECT_VERSION = 1;
				DEVELOPMENT_TEAM = 339H2WC2Z9;
				ENABLE_PREVIEWS = YES;
				GENERATE_INFOPLIST_FILE = YES;
				INFOPLIST_FILE = DisplayPlus/Info.plist;
				INFOPLIST_KEY_CFBundleDisplayName = DisplayPlus;
				INFOPLIST_KEY_LSApplicationCategoryType = "public.app-category.utilities";
				INFOPLIST_KEY_NSAppleMusicUsageDescription = "Needed to get current playing song data";
				INFOPLIST_KEY_NSBluetoothAlwaysUsageDescription = "Needed to comunicate with glasses";
				INFOPLIST_KEY_NSCalendarsUsageDescription = "Needed to access upcoming events for displaying on glasses";
				INFOPLIST_KEY_NSLocationAlwaysAndWhenInUseUsageDescription = "Needed to update weather according to location";
				INFOPLIST_KEY_UIApplicationSceneManifest_Generation = YES;
				INFOPLIST_KEY_UIApplicationSupportsIndirectInputEvents = YES;
				INFOPLIST_KEY_UILaunchScreen_Generation = YES;
				INFOPLIST_KEY_UISupportedInterfaceOrientations = UIInterfaceOrientationPortrait;
				INFOPLIST_KEY_UISupportedInterfaceOrientations_iPad = "UIInterfaceOrientationLandscapeLeft UIInterfaceOrientationLandscapeRight UIInterfaceOrientationPortrait UIInterfaceOrientationPortraitUpsideDown";
				IPHONEOS_DEPLOYMENT_TARGET = 18.0;
				LD_RUNPATH_SEARCH_PATHS = (
					"$(inherited)",
					"@executable_path/Frameworks",
				);
				MARKETING_VERSION = 1.0;
				PRODUCT_BUNDLE_IDENTIFIER = Oliemanq.DisplayPlus;
				PRODUCT_NAME = "$(TARGET_NAME)";
				PROVISIONING_PROFILE_SPECIFIER = "";
				SWIFT_EMIT_LOC_STRINGS = YES;
				SWIFT_VERSION = 5.0;
				TARGETED_DEVICE_FAMILY = "1,2";
			};
			name = Debug;
		};
		4E7010712DBD6F4900F868F4 /* Release */ = {
			isa = XCBuildConfiguration;
			buildSettings = {
				ASSETCATALOG_COMPILER_APPICON_NAME = AppIcon;
				ASSETCATALOG_COMPILER_GLOBAL_ACCENT_COLOR_NAME = AccentColor;
				CODE_SIGN_IDENTITY = "Apple Development";
				CODE_SIGN_STYLE = Automatic;
				CURRENT_PROJECT_VERSION = 1;
				DEVELOPMENT_TEAM = 339H2WC2Z9;
				ENABLE_PREVIEWS = YES;
				GENERATE_INFOPLIST_FILE = YES;
				INFOPLIST_FILE = DisplayPlus/Info.plist;
				INFOPLIST_KEY_CFBundleDisplayName = DisplayPlus;
				INFOPLIST_KEY_LSApplicationCategoryType = "public.app-category.utilities";
				INFOPLIST_KEY_NSAppleMusicUsageDescription = "Needed to get current playing song data";
				INFOPLIST_KEY_NSBluetoothAlwaysUsageDescription = "Needed to comunicate with glasses";
				INFOPLIST_KEY_NSCalendarsUsageDescription = "Needed to access upcoming events for displaying on glasses";
				INFOPLIST_KEY_NSLocationAlwaysAndWhenInUseUsageDescription = "Needed to update weather according to location";
				INFOPLIST_KEY_UIApplicationSceneManifest_Generation = YES;
				INFOPLIST_KEY_UIApplicationSupportsIndirectInputEvents = YES;
				INFOPLIST_KEY_UILaunchScreen_Generation = YES;
				INFOPLIST_KEY_UISupportedInterfaceOrientations = UIInterfaceOrientationPortrait;
				INFOPLIST_KEY_UISupportedInterfaceOrientations_iPad = "UIInterfaceOrientationLandscapeLeft UIInterfaceOrientationLandscapeRight UIInterfaceOrientationPortrait UIInterfaceOrientationPortraitUpsideDown";
				IPHONEOS_DEPLOYMENT_TARGET = 18.0;
				LD_RUNPATH_SEARCH_PATHS = (
					"$(inherited)",
					"@executable_path/Frameworks",
				);
				MARKETING_VERSION = 1.0;
				PRODUCT_BUNDLE_IDENTIFIER = Oliemanq.DisplayPlus;
				PRODUCT_NAME = "$(TARGET_NAME)";
				PROVISIONING_PROFILE_SPECIFIER = "";
				SWIFT_EMIT_LOC_STRINGS = YES;
				SWIFT_VERSION = 5.0;
				TARGETED_DEVICE_FAMILY = "1,2";
			};
			name = Release;
		};
		4E7010732DBD6F4900F868F4 /* Debug */ = {
			isa = XCBuildConfiguration;
			buildSettings = {
				BUNDLE_LOADER = "$(TEST_HOST)";
				CODE_SIGN_STYLE = Automatic;
				CURRENT_PROJECT_VERSION = 1;
				DEVELOPMENT_TEAM = 339H2WC2Z9;
				GENERATE_INFOPLIST_FILE = YES;
				IPHONEOS_DEPLOYMENT_TARGET = 18.4;
				MARKETING_VERSION = 1.0;
				PRODUCT_BUNDLE_IDENTIFIER = Oliemanq.DisplayPlusTests;
				PRODUCT_NAME = "$(TARGET_NAME)";
				SWIFT_EMIT_LOC_STRINGS = NO;
				SWIFT_VERSION = 5.0;
				TARGETED_DEVICE_FAMILY = "1,2";
				TEST_HOST = "$(BUILT_PRODUCTS_DIR)/DisplayPlus.app/$(BUNDLE_EXECUTABLE_FOLDER_PATH)/DisplayPlus";
			};
			name = Debug;
		};
		4E7010742DBD6F4900F868F4 /* Release */ = {
			isa = XCBuildConfiguration;
			buildSettings = {
				BUNDLE_LOADER = "$(TEST_HOST)";
				CODE_SIGN_STYLE = Automatic;
				CURRENT_PROJECT_VERSION = 1;
				DEVELOPMENT_TEAM = 339H2WC2Z9;
				GENERATE_INFOPLIST_FILE = YES;
				IPHONEOS_DEPLOYMENT_TARGET = 18.4;
				MARKETING_VERSION = 1.0;
				PRODUCT_BUNDLE_IDENTIFIER = Oliemanq.DisplayPlusTests;
				PRODUCT_NAME = "$(TARGET_NAME)";
				SWIFT_EMIT_LOC_STRINGS = NO;
				SWIFT_VERSION = 5.0;
				TARGETED_DEVICE_FAMILY = "1,2";
				TEST_HOST = "$(BUILT_PRODUCTS_DIR)/DisplayPlus.app/$(BUNDLE_EXECUTABLE_FOLDER_PATH)/DisplayPlus";
			};
			name = Release;
		};
		4E7010762DBD6F4900F868F4 /* Debug */ = {
			isa = XCBuildConfiguration;
			buildSettings = {
				CODE_SIGN_STYLE = Automatic;
				CURRENT_PROJECT_VERSION = 1;
				DEVELOPMENT_TEAM = 339H2WC2Z9;
				GENERATE_INFOPLIST_FILE = YES;
				MARKETING_VERSION = 1.0;
				PRODUCT_BUNDLE_IDENTIFIER = Oliemanq.DisplayPlusUITests;
				PRODUCT_NAME = "$(TARGET_NAME)";
				SWIFT_EMIT_LOC_STRINGS = NO;
				SWIFT_VERSION = 5.0;
				TARGETED_DEVICE_FAMILY = "1,2";
				TEST_TARGET_NAME = DisplayPlus;
			};
			name = Debug;
		};
		4E7010772DBD6F4900F868F4 /* Release */ = {
			isa = XCBuildConfiguration;
			buildSettings = {
				CODE_SIGN_STYLE = Automatic;
				CURRENT_PROJECT_VERSION = 1;
				DEVELOPMENT_TEAM = 339H2WC2Z9;
				GENERATE_INFOPLIST_FILE = YES;
				MARKETING_VERSION = 1.0;
				PRODUCT_BUNDLE_IDENTIFIER = Oliemanq.DisplayPlusUITests;
				PRODUCT_NAME = "$(TARGET_NAME)";
				SWIFT_EMIT_LOC_STRINGS = NO;
				SWIFT_VERSION = 5.0;
				TARGETED_DEVICE_FAMILY = "1,2";
				TEST_TARGET_NAME = DisplayPlus;
			};
			name = Release;
		};
/* End XCBuildConfiguration section */

/* Begin XCConfigurationList section */
		4E7010492DBD6F4700F868F4 /* Build configuration list for PBXProject "DisplayPlus" */ = {
			isa = XCConfigurationList;
			buildConfigurations = (
				4E70106D2DBD6F4900F868F4 /* Debug */,
				4E70106E2DBD6F4900F868F4 /* Release */,
			);
			defaultConfigurationIsVisible = 0;
			defaultConfigurationName = Release;
		};
		4E70106F2DBD6F4900F868F4 /* Build configuration list for PBXNativeTarget "DisplayPlus" */ = {
			isa = XCConfigurationList;
			buildConfigurations = (
				4E7010702DBD6F4900F868F4 /* Debug */,
				4E7010712DBD6F4900F868F4 /* Release */,
			);
			defaultConfigurationIsVisible = 0;
			defaultConfigurationName = Release;
		};
		4E7010722DBD6F4900F868F4 /* Build configuration list for PBXNativeTarget "DisplayPlusTests" */ = {
			isa = XCConfigurationList;
			buildConfigurations = (
				4E7010732DBD6F4900F868F4 /* Debug */,
				4E7010742DBD6F4900F868F4 /* Release */,
			);
			defaultConfigurationIsVisible = 0;
			defaultConfigurationName = Release;
		};
		4E7010752DBD6F4900F868F4 /* Build configuration list for PBXNativeTarget "DisplayPlusUITests" */ = {
			isa = XCConfigurationList;
			buildConfigurations = (
				4E7010762DBD6F4900F868F4 /* Debug */,
				4E7010772DBD6F4900F868F4 /* Release */,
			);
			defaultConfigurationIsVisible = 0;
			defaultConfigurationName = Release;
		};
/* End XCConfigurationList section */

/* Begin XCRemoteSwiftPackageReference section */
		4E7010902DBD700C00F868F4 /* XCRemoteSwiftPackageReference "sdk" */ = {
			isa = XCRemoteSwiftPackageReference;
			repositoryURL = "https://github.com/open-meteo/sdk.git";
			requirement = {
				branch = main;
				kind = branch;
			};
		};
/* End XCRemoteSwiftPackageReference section */

/* Begin XCSwiftPackageProductDependency section */
		4E7010922DBD70F400F868F4 /* OpenMeteoSdk */ = {
			isa = XCSwiftPackageProductDependency;
			package = 4E7010902DBD700C00F868F4 /* XCRemoteSwiftPackageReference "sdk" */;
			productName = OpenMeteoSdk;
		};
/* End XCSwiftPackageProductDependency section */
	};
	rootObject = 4E7010462DBD6F4700F868F4 /* Project object */;
}
